
Microsoft Visual Studio Solution File, Format Version 11.00
# Visual Studio 2010
Project("{8BC9CEB8-8B4A-11D0-8D11-00A0C91BC942}") = "Oblig3_C++_KnutLucasAndersen", "Oblig3_C++_KnutLucasAndersen\Oblig3_C++_KnutLucasAndersen.vcxproj", "{3DD68AEA-1677-4130-AAB9-B525AE4EADD9}"
EndProject
Project("{8BC9CEB8-8B4A-11D0-8D11-00A0C91BC942}") = "Oblig3_Oppg8", "Oblig3_Oppg8\Oblig3_Oppg8.vcxproj", "{7CDD6875-C37E-444A-8C8A-465FA6E69159}"
EndProject
Global
	GlobalSection(SolutionConfigurationPlatforms) = preSolution
		Debug|Win32 = Debug|Win32
		Release|Win32 = Release|Win32
	EndGlobalSection
	GlobalSection(ProjectConfigurationPlatforms) = postSolution
		{3DD68AEA-1677-4130-AAB9-B525AE4EADD9}.Debug|Win32.ActiveCfg = Debug|Win32
		{3DD68AEA-1677-4130-AAB9-B525AE4EADD9}.Debug|Win32.Build.0 = Debug|Win32
		{3DD68AEA-1677-4130-AAB9-B525AE4EADD9}.Release|Win32.ActiveCfg = Release|Win32
		{3DD68AEA-1677-4130-AAB9-B525AE4EADD9}.Release|Win32.Build.0 = Release|Win32
		{7CDD6875-C37E-444A-8C8A-465FA6E69159}.Debug|Win32.ActiveCfg = Debug|Win32
		{7CDD6875-C37E-444A-8C8A-465FA6E69159}.Debug|Win32.Build.0 = Debug|Win32
		{7CDD6875-C37E-444A-8C8A-465FA6E69159}.Release|Win32.ActiveCfg = Release|Win32
		{7CDD6875-C37E-444A-8C8A-465FA6E69159}.Release|Win32.Build.0 = Release|Win32
	EndGlobalSection
	GlobalSection(SolutionProperties) = preSolution
		HideSolutionNode = FALSE
	EndGlobalSection
EndGlobal
