
Microsoft Visual Studio Solution File, Format Version 11.00
# Visual Studio 2010
Project("{FAE04EC0-301F-11D3-BF4B-00C04F79EFBC}") = "Oblig2_Oppg1_KnutLucasAndersen", "Oblig2_Oppg1_KnutLucasAndersen\Oblig2_Oppg1_KnutLucasAndersen\Oblig2_Oppg1_KnutLucasAndersen.csproj", "{01FBA431-B272-4CFE-992D-93C44528B488}"
EndProject
Project("{96E2B04D-8817-42C6-938A-82C39BA4D311}") = "Oblig2_Oppg1_KnutLucasAndersenContent", "Oblig2_Oppg1_KnutLucasAndersen\Oblig2_Oppg1_KnutLucasAndersenContent\Oblig2_Oppg1_KnutLucasAndersenContent.contentproj", "{4EED2E01-9ECA-43EB-85FD-8D0818BA3462}"
EndProject
Project("{FAE04EC0-301F-11D3-BF4B-00C04F79EFBC}") = "Oblig2_Oppg2_KnutLucasAndersen", "Oblig2_Oppg2_KnutLucasAndersen\Oblig2_Oppg2_KnutLucasAndersen\Oblig2_Oppg2_KnutLucasAndersen.csproj", "{8362644D-6A92-494C-9E02-7E9C65AC8787}"
EndProject
Project("{96E2B04D-8817-42C6-938A-82C39BA4D311}") = "Oblig2_Oppg2_KnutLucasAndersenContent", "Oblig2_Oppg2_KnutLucasAndersen\Oblig2_Oppg2_KnutLucasAndersenContent\Oblig2_Oppg2_KnutLucasAndersenContent.contentproj", "{1B5B40D3-90F9-4E9C-88C0-D289DC380BBC}"
EndProject
Global
	GlobalSection(SolutionConfigurationPlatforms) = preSolution
		Debug|x86 = Debug|x86
		Release|x86 = Release|x86
	EndGlobalSection
	GlobalSection(ProjectConfigurationPlatforms) = postSolution
		{01FBA431-B272-4CFE-992D-93C44528B488}.Debug|x86.ActiveCfg = Debug|x86
		{01FBA431-B272-4CFE-992D-93C44528B488}.Debug|x86.Build.0 = Debug|x86
		{01FBA431-B272-4CFE-992D-93C44528B488}.Release|x86.ActiveCfg = Release|x86
		{01FBA431-B272-4CFE-992D-93C44528B488}.Release|x86.Build.0 = Release|x86
		{4EED2E01-9ECA-43EB-85FD-8D0818BA3462}.Debug|x86.ActiveCfg = Debug|x86
		{4EED2E01-9ECA-43EB-85FD-8D0818BA3462}.Release|x86.ActiveCfg = Release|x86
		{8362644D-6A92-494C-9E02-7E9C65AC8787}.Debug|x86.ActiveCfg = Debug|x86
		{8362644D-6A92-494C-9E02-7E9C65AC8787}.Debug|x86.Build.0 = Debug|x86
		{8362644D-6A92-494C-9E02-7E9C65AC8787}.Release|x86.ActiveCfg = Release|x86
		{8362644D-6A92-494C-9E02-7E9C65AC8787}.Release|x86.Build.0 = Release|x86
		{1B5B40D3-90F9-4E9C-88C0-D289DC380BBC}.Debug|x86.ActiveCfg = Debug|x86
		{1B5B40D3-90F9-4E9C-88C0-D289DC380BBC}.Release|x86.ActiveCfg = Release|x86
	EndGlobalSection
	GlobalSection(SolutionProperties) = preSolution
		HideSolutionNode = FALSE
	EndGlobalSection
EndGlobal
