
Microsoft Visual Studio Solution File, Format Version 11.00
# Visual C# Express 2010
Project("{FAE04EC0-301F-11D3-BF4B-00C04F79EFBC}") = "ModellTog", "ModellTog.csproj", "{7FCB1357-3AF3-48AC-86C3-1D2836E721DD}"
EndProject
Global
	GlobalSection(SolutionConfigurationPlatforms) = preSolution
		Debug|Any CPU = Debug|Any CPU
		Release|Any CPU = Release|Any CPU
	EndGlobalSection
	GlobalSection(ProjectConfigurationPlatforms) = postSolution
		{7FCB1357-3AF3-48AC-86C3-1D2836E721DD}.Debug|Any CPU.ActiveCfg = Debug|Any CPU
		{7FCB1357-3AF3-48AC-86C3-1D2836E721DD}.Debug|Any CPU.Build.0 = Debug|Any CPU
		{7FCB1357-3AF3-48AC-86C3-1D2836E721DD}.Release|Any CPU.ActiveCfg = Release|Any CPU
		{7FCB1357-3AF3-48AC-86C3-1D2836E721DD}.Release|Any CPU.Build.0 = Release|Any CPU
	EndGlobalSection
	GlobalSection(SolutionProperties) = preSolution
		HideSolutionNode = FALSE
	EndGlobalSection
EndGlobal
