
Microsoft Visual Studio Solution File, Format Version 11.00
# Visual Studio 2010
Project("{FAE04EC0-301F-11D3-BF4B-00C04F79EFBC}") = "Oblig1A_KnutLucasAndersen", "Oblig1_KnutLucasAndersen(v2)\Oblig1_KnutLucasAndersen(v2)\Oblig1A_KnutLucasAndersen.csproj", "{FD8B3BFE-5694-4118-AAE7-D11FE51ABA59}"
EndProject
Project("{96E2B04D-8817-42C6-938A-82C39BA4D311}") = "Oblig1A_KnutLucasAndersenContent", "Oblig1_KnutLucasAndersen(v2)\Oblig1_KnutLucasAndersen(v2)Content\Oblig1A_KnutLucasAndersenContent.contentproj", "{125EEFF3-74F2-4843-8AFA-C02B42D0F4B6}"
EndProject
Project("{FAE04EC0-301F-11D3-BF4B-00C04F79EFBC}") = "Oblig1B_KnutLucasAndersen", "Oblig1B_KnutLucasAndersen\Oblig1B_KnutLucasAndersen\Oblig1B_KnutLucasAndersen.csproj", "{11BA1DD8-62D5-4045-9982-C4A352EF90D0}"
EndProject
Project("{96E2B04D-8817-42C6-938A-82C39BA4D311}") = "Oblig1B_KnutLucasAndersenContent", "Oblig1B_KnutLucasAndersen\Oblig1B_KnutLucasAndersenContent\Oblig1B_KnutLucasAndersenContent.contentproj", "{1AE4A978-328A-431D-936B-CD5A3848A66E}"
EndProject
Global
	GlobalSection(SolutionConfigurationPlatforms) = preSolution
		Debug|x86 = Debug|x86
		Release|x86 = Release|x86
	EndGlobalSection
	GlobalSection(ProjectConfigurationPlatforms) = postSolution
		{FD8B3BFE-5694-4118-AAE7-D11FE51ABA59}.Debug|x86.ActiveCfg = Debug|x86
		{FD8B3BFE-5694-4118-AAE7-D11FE51ABA59}.Debug|x86.Build.0 = Debug|x86
		{FD8B3BFE-5694-4118-AAE7-D11FE51ABA59}.Release|x86.ActiveCfg = Release|x86
		{FD8B3BFE-5694-4118-AAE7-D11FE51ABA59}.Release|x86.Build.0 = Release|x86
		{125EEFF3-74F2-4843-8AFA-C02B42D0F4B6}.Debug|x86.ActiveCfg = Debug|x86
		{125EEFF3-74F2-4843-8AFA-C02B42D0F4B6}.Release|x86.ActiveCfg = Release|x86
		{11BA1DD8-62D5-4045-9982-C4A352EF90D0}.Debug|x86.ActiveCfg = Debug|x86
		{11BA1DD8-62D5-4045-9982-C4A352EF90D0}.Debug|x86.Build.0 = Debug|x86
		{11BA1DD8-62D5-4045-9982-C4A352EF90D0}.Release|x86.ActiveCfg = Release|x86
		{11BA1DD8-62D5-4045-9982-C4A352EF90D0}.Release|x86.Build.0 = Release|x86
		{1AE4A978-328A-431D-936B-CD5A3848A66E}.Debug|x86.ActiveCfg = Debug|x86
		{1AE4A978-328A-431D-936B-CD5A3848A66E}.Release|x86.ActiveCfg = Release|x86
	EndGlobalSection
	GlobalSection(SolutionProperties) = preSolution
		HideSolutionNode = FALSE
	EndGlobalSection
EndGlobal
